lockfileVersion: 5.3

specifiers:
  '@actions/core': ^1.6.0
  '@vercel/ncc': ^0.33.3
  dayjs: ^1.11.0
  fs: ^0.0.1-security
  octokit: ^1.7.1
  ts-node: ^10.7.0
  typescript: ^4.6.2

dependencies:
  '@actions/core': registry.npmmirror.com/@actions/core/1.6.0
  '@vercel/ncc': registry.npmmirror.com/@vercel/ncc/0.33.3
  dayjs: registry.npmmirror.com/dayjs/1.11.0
  fs: registry.npmmirror.com/fs/0.0.1-security
  octokit: registry.npmmirror.com/octokit/1.7.1
  ts-node: registry.npmmirror.com/ts-node/10.7.0_typescript@4.6.2
  typescript: registry.npmmirror.com/typescript/4.6.2

packages:

  registry.npmmirror.com/@actions/core/1.6.0:
    resolution: {integrity: sha512-NB1UAZomZlCV/LmJqkLhNTqtKfFXJZAUPcfl/zqG7EfsQdeUJtaWO98SGbuQ3pydJ3fHl2CvI/51OKYlCYYcaw==, registry: https://registry.npm.taobao.org/, tarball: https://registry.npmmirror.com/@actions/core/-/core-1.6.0.tgz}
    name: '@actions/core'
    version: 1.6.0
    dependencies:
      '@actions/http-client': registry.npmmirror.com/@actions/http-client/1.0.11
    dev: false

  registry.npmmirror.com/@actions/http-client/1.0.11:
    resolution: {integrity: sha512-VRYHGQV1rqnROJqdMvGUbY/Kn8vriQe/F9HR2AlYHzmKuM/p3kjNuXhmdBfcVgsvRWTz5C5XW5xvndZrVBuAYg==, registry: https://registry.npm.taobao.org/, tarball: https://registry.npmmirror.com/@actions/http-client/-/http-client-1.0.11.tgz}
    name: '@actions/http-client'
    version: 1.0.11
    dependencies:
      tunnel: registry.npmmirror.com/tunnel/0.0.6
    dev: false

  registry.npmmirror.com/@cspotcode/source-map-consumer/0.8.0:
    resolution: {integrity: sha512-41qniHzTU8yAGbCp04ohlmSrZf8bkf/iJsl3V0dRGsQN/5GFfx+LbCSsCpp2gqrqjTVg/K6O8ycoV35JIwAzAg==, registry: https://registry.npm.taobao.org/, tarball: https://registry.npmmirror.com/@cspotcode/source-map-consumer/-/source-map-consumer-0.8.0.tgz}
    name: '@cspotcode/source-map-consumer'
    version: 0.8.0
    engines: {node: '>= 12'}
    dev: false

  registry.npmmirror.com/@cspotcode/source-map-support/0.7.0:
    resolution: {integrity: sha512-X4xqRHqN8ACt2aHVe51OxeA2HjbcL4MqFqXkrmQszJ1NOUuUu5u6Vqx/0lZSVNku7velL5FC/s5uEAj1lsBMhA==, registry: https://registry.npm.taobao.org/, tarball: https://registry.npmmirror.com/@cspotcode/source-map-support/-/source-map-support-0.7.0.tgz}
    name: '@cspotcode/source-map-support'
    version: 0.7.0
    engines: {node: '>=12'}
    dependencies:
      '@cspotcode/source-map-consumer': registry.npmmirror.com/@cspotcode/source-map-consumer/0.8.0
    dev: false

  registry.npmmirror.com/@octokit/app/12.0.5:
    resolution: {integrity: sha512-lM3pIfx2h+UbvsXHFVs1ApJ9Rmp8LO4ciFSr5q/9MdHmhsH6WtwayieUn875xwB77IoR9r8czxxxASu2WCtdeA==, registry: https://registry.npm.taobao.org/, tarball: https://registry.npmmirror.com/@octokit/app/-/app-12.0.5.tgz}
    name: '@octokit/app'
    version: 12.0.5
    dependencies:
      '@octokit/auth-app': registry.npmmirror.com/@octokit/auth-app/3.6.1
      '@octokit/auth-unauthenticated': registry.npmmirror.com/@octokit/auth-unauthenticated/2.1.0
      '@octokit/core': registry.npmmirror.com/@octokit/core/3.6.0
      '@octokit/oauth-app': registry.npmmirror.com/@octokit/oauth-app/3.6.0
      '@octokit/plugin-paginate-rest': registry.npmmirror.com/@octokit/plugin-paginate-rest/2.17.0_@octokit+core@3.6.0
      '@octokit/types': registry.npmmirror.com/@octokit/types/6.34.0
      '@octokit/webhooks': registry.npmmirror.com/@octokit/webhooks/9.23.0
    transitivePeerDependencies:
      - encoding
    dev: false

  registry.npmmirror.com/@octokit/auth-app/3.6.1:
    resolution: {integrity: sha512-6oa6CFphIYI7NxxHrdVOzhG7hkcKyGyYocg7lNDSJVauVOLtylg8hNJzoUyPAYKKK0yUeoZamE/lMs2tG+S+JA==, registry: https://registry.npm.taobao.org/, tarball: https://registry.npmmirror.com/@octokit/auth-app/-/auth-app-3.6.1.tgz}
    name: '@octokit/auth-app'
    version: 3.6.1
    dependencies:
      '@octokit/auth-oauth-app': registry.npmmirror.com/@octokit/auth-oauth-app/4.3.0
      '@octokit/auth-oauth-user': registry.npmmirror.com/@octokit/auth-oauth-user/1.3.0
      '@octokit/request': registry.npmmirror.com/@octokit/request/5.6.3
      '@octokit/request-error': registry.npmmirror.com/@octokit/request-error/2.1.0
      '@octokit/types': registry.npmmirror.com/@octokit/types/6.34.0
      '@types/lru-cache': registry.npmmirror.com/@types/lru-cache/5.1.1
      deprecation: registry.npmmirror.com/deprecation/2.3.1
      lru-cache: registry.npmmirror.com/lru-cache/6.0.0
      universal-github-app-jwt: registry.npmmirror.com/universal-github-app-jwt/1.1.0
      universal-user-agent: registry.npmmirror.com/universal-user-agent/6.0.0
    transitivePeerDependencies:
      - encoding
    dev: false

  registry.npmmirror.com/@octokit/auth-oauth-app/4.3.0:
    resolution: {integrity: sha512-cETmhmOQRHCz6cLP7StThlJROff3A/ln67Q961GuIr9zvyFXZ4lIJy9RE6Uw5O7D8IXWPU3jhDnG47FTSGQr8Q==, registry: https://registry.npm.taobao.org/, tarball: https://registry.npmmirror.com/@octokit/auth-oauth-app/-/auth-oauth-app-4.3.0.tgz}
    name: '@octokit/auth-oauth-app'
    version: 4.3.0
    dependencies:
      '@octokit/auth-oauth-device': registry.npmmirror.com/@octokit/auth-oauth-device/3.1.2
      '@octokit/auth-oauth-user': registry.npmmirror.com/@octokit/auth-oauth-user/1.3.0
      '@octokit/request': registry.npmmirror.com/@octokit/request/5.6.3
      '@octokit/types': registry.npmmirror.com/@octokit/types/6.34.0
      '@types/btoa-lite': registry.npmmirror.com/@types/btoa-lite/1.0.0
      btoa-lite: registry.npmmirror.com/btoa-lite/1.0.0
      universal-user-agent: registry.npmmirror.com/universal-user-agent/6.0.0
    transitivePeerDependencies:
      - encoding
    dev: false

  registry.npmmirror.com/@octokit/auth-oauth-device/3.1.2:
    resolution: {integrity: sha512-w7Po4Ck6N2aAn2VQyKLuojruiyKROTBv4qs6IwE5rbwF7HhBXXp4A/NKmkpoFIZkiXQtM+N8QtkSck4ApYWdGg==, registry: https://registry.npm.taobao.org/, tarball: https://registry.npmmirror.com/@octokit/auth-oauth-device/-/auth-oauth-device-3.1.2.tgz}
    name: '@octokit/auth-oauth-device'
    version: 3.1.2
    dependencies:
      '@octokit/oauth-methods': registry.npmmirror.com/@octokit/oauth-methods/1.2.6
      '@octokit/request': registry.npmmirror.com/@octokit/request/5.6.3
      '@octokit/types': registry.npmmirror.com/@octokit/types/6.34.0
      universal-user-agent: registry.npmmirror.com/universal-user-agent/6.0.0
    transitivePeerDependencies:
      - encoding
    dev: false

  registry.npmmirror.com/@octokit/auth-oauth-user/1.3.0:
    resolution: {integrity: sha512-3QC/TAdk7onnxfyZ24BnJRfZv8TRzQK7SEFUS9vLng4Vv6Hv6I64ujdk/CUkREec8lhrwU764SZ/d+yrjjqhaQ==, registry: https://registry.npm.taobao.org/, tarball: https://registry.npmmirror.com/@octokit/auth-oauth-user/-/auth-oauth-user-1.3.0.tgz}
    name: '@octokit/auth-oauth-user'
    version: 1.3.0
    dependencies:
      '@octokit/auth-oauth-device': registry.npmmirror.com/@octokit/auth-oauth-device/3.1.2
      '@octokit/oauth-methods': registry.npmmirror.com/@octokit/oauth-methods/1.2.6
      '@octokit/request': registry.npmmirror.com/@octokit/request/5.6.3
      '@octokit/types': registry.npmmirror.com/@octokit/types/6.34.0
      btoa-lite: registry.npmmirror.com/btoa-lite/1.0.0
      universal-user-agent: registry.npmmirror.com/universal-user-agent/6.0.0
    transitivePeerDependencies:
      - encoding
    dev: false

  registry.npmmirror.com/@octokit/auth-token/2.5.0:
    resolution: {integrity: sha512-r5FVUJCOLl19AxiuZD2VRZ/ORjp/4IN98Of6YJoJOkY75CIBuYfmiNHGrDwXr+aLGG55igl9QrxX3hbiXlLb+g==, registry: https://registry.npm.taobao.org/, tarball: https://registry.npmmirror.com/@octokit/auth-token/-/auth-token-2.5.0.tgz}
    name: '@octokit/auth-token'
    version: 2.5.0
    dependencies:
      '@octokit/types': registry.npmmirror.com/@octokit/types/6.34.0
    dev: false

  registry.npmmirror.com/@octokit/auth-unauthenticated/2.1.0:
    resolution: {integrity: sha512-+baofLfSL0CAv3CfGQ9rxiZZQEX8VNJMGuuS4PgrMRBUL52Ho5+hQYb63UJQshw7EXYMPDZxbXznc0y33cbPqw==, registry: https://registry.npm.taobao.org/, tarball: https://registry.npmmirror.com/@octokit/auth-unauthenticated/-/auth-unauthenticated-2.1.0.tgz}
    name: '@octokit/auth-unauthenticated'
    version: 2.1.0
    dependencies:
      '@octokit/request-error': registry.npmmirror.com/@octokit/request-error/2.1.0
      '@octokit/types': registry.npmmirror.com/@octokit/types/6.34.0
    dev: false

  registry.npmmirror.com/@octokit/core/3.6.0:
    resolution: {integrity: sha512-7RKRKuA4xTjMhY+eG3jthb3hlZCsOwg3rztWh75Xc+ShDWOfDDATWbeZpAHBNRpm4Tv9WgBMOy1zEJYXG6NJ7Q==, registry: https://registry.npm.taobao.org/, tarball: https://registry.npmmirror.com/@octokit/core/-/core-3.6.0.tgz}
    name: '@octokit/core'
    version: 3.6.0
    dependencies:
      '@octokit/auth-token': registry.npmmirror.com/@octokit/auth-token/2.5.0
      '@octokit/graphql': registry.npmmirror.com/@octokit/graphql/4.8.0
      '@octokit/request': registry.npmmirror.com/@octokit/request/5.6.3
      '@octokit/request-error': registry.npmmirror.com/@octokit/request-error/2.1.0
      '@octokit/types': registry.npmmirror.com/@octokit/types/6.34.0
      before-after-hook: registry.npmmirror.com/before-after-hook/2.2.2
      universal-user-agent: registry.npmmirror.com/universal-user-agent/6.0.0
    transitivePeerDependencies:
      - encoding
    dev: false

  registry.npmmirror.com/@octokit/endpoint/6.0.12:
    resolution: {integrity: sha512-lF3puPwkQWGfkMClXb4k/eUT/nZKQfxinRWJrdZaJO85Dqwo/G0yOC434Jr2ojwafWJMYqFGFa5ms4jJUgujdA==, registry: https://registry.npm.taobao.org/, tarball: https://registry.npmmirror.com/@octokit/endpoint/-/endpoint-6.0.12.tgz}
    name: '@octokit/endpoint'
    version: 6.0.12
    dependencies:
      '@octokit/types': registry.npmmirror.com/@octokit/types/6.34.0
      is-plain-object: registry.npmmirror.com/is-plain-object/5.0.0
      universal-user-agent: registry.npmmirror.com/universal-user-agent/6.0.0
    dev: false

  registry.npmmirror.com/@octokit/graphql/4.8.0:
    resolution: {integrity: sha512-0gv+qLSBLKF0z8TKaSKTsS39scVKF9dbMxJpj3U0vC7wjNWFuIpL/z76Qe2fiuCbDRcJSavkXsVtMS6/dtQQsg==, registry: https://registry.npm.taobao.org/, tarball: https://registry.npmmirror.com/@octokit/graphql/-/graphql-4.8.0.tgz}
    name: '@octokit/graphql'
    version: 4.8.0
    dependencies:
      '@octokit/request': registry.npmmirror.com/@octokit/request/5.6.3
      '@octokit/types': registry.npmmirror.com/@octokit/types/6.34.0
      universal-user-agent: registry.npmmirror.com/universal-user-agent/6.0.0
    transitivePeerDependencies:
      - encoding
    dev: false

  registry.npmmirror.com/@octokit/oauth-app/3.6.0:
    resolution: {integrity: sha512-OxPw4ItQXaC2GuEXyZB7EmZ2rHvNFX4y3yAsqdFIRW7qg2HyoEPxacxza6c8wqbEEvu84b98AJ5BXm+IjPWrww==, registry: https://registry.npm.taobao.org/, tarball: https://registry.npmmirror.com/@octokit/oauth-app/-/oauth-app-3.6.0.tgz}
    name: '@octokit/oauth-app'
    version: 3.6.0
    dependencies:
      '@octokit/auth-oauth-app': registry.npmmirror.com/@octokit/auth-oauth-app/4.3.0
      '@octokit/auth-oauth-user': registry.npmmirror.com/@octokit/auth-oauth-user/1.3.0
      '@octokit/auth-unauthenticated': registry.npmmirror.com/@octokit/auth-unauthenticated/2.1.0
      '@octokit/core': registry.npmmirror.com/@octokit/core/3.6.0
      '@octokit/oauth-authorization-url': registry.npmmirror.com/@octokit/oauth-authorization-url/4.3.3
      '@octokit/oauth-methods': registry.npmmirror.com/@octokit/oauth-methods/1.2.6
      '@types/aws-lambda': registry.npmmirror.com/@types/aws-lambda/8.10.93
      fromentries: registry.npmmirror.com/fromentries/1.3.2
      universal-user-agent: registry.npmmirror.com/universal-user-agent/6.0.0
    transitivePeerDependencies:
      - encoding
    dev: false

  registry.npmmirror.com/@octokit/oauth-authorization-url/4.3.3:
    resolution: {integrity: sha512-lhP/t0i8EwTmayHG4dqLXgU+uPVys4WD/qUNvC+HfB1S1dyqULm5Yx9uKc1x79aP66U1Cb4OZeW8QU/RA9A4XA==, registry: https://registry.npm.taobao.org/, tarball: https://registry.npmmirror.com/@octokit/oauth-authorization-url/-/oauth-authorization-url-4.3.3.tgz}
    name: '@octokit/oauth-authorization-url'
    version: 4.3.3
    dev: false

  registry.npmmirror.com/@octokit/oauth-methods/1.2.6:
    resolution: {integrity: sha512-nImHQoOtKnSNn05uk2o76om1tJWiAo4lOu2xMAHYsNr0fwopP+Dv+2MlGvaMMlFjoqVd3fF3X5ZDTKCsqgmUaQ==, registry: https://registry.npm.taobao.org/, tarball: https://registry.npmmirror.com/@octokit/oauth-methods/-/oauth-methods-1.2.6.tgz}
    name: '@octokit/oauth-methods'
    version: 1.2.6
    dependencies:
      '@octokit/oauth-authorization-url': registry.npmmirror.com/@octokit/oauth-authorization-url/4.3.3
      '@octokit/request': registry.npmmirror.com/@octokit/request/5.6.3
      '@octokit/request-error': registry.npmmirror.com/@octokit/request-error/2.1.0
      '@octokit/types': registry.npmmirror.com/@octokit/types/6.34.0
      btoa-lite: registry.npmmirror.com/btoa-lite/1.0.0
    transitivePeerDependencies:
      - encoding
    dev: false

  registry.npmmirror.com/@octokit/openapi-types/11.2.0:
    resolution: {integrity: sha512-PBsVO+15KSlGmiI8QAzaqvsNlZlrDlyAJYcrXBCvVUxCp7VnXjkwPoFHgjEJXx3WF9BAwkA6nfCUA7i9sODzKA==, registry: https://registry.npm.taobao.org/, tarball: https://registry.npmmirror.com/@octokit/openapi-types/-/openapi-types-11.2.0.tgz}
    name: '@octokit/openapi-types'
    version: 11.2.0
    dev: false

  registry.npmmirror.com/@octokit/plugin-paginate-rest/2.17.0_@octokit+core@3.6.0:
    resolution: {integrity: sha512-tzMbrbnam2Mt4AhuyCHvpRkS0oZ5MvwwcQPYGtMv4tUa5kkzG58SVB0fcsLulOZQeRnOgdkZWkRUiyBlh0Bkyw==, registry: https://registry.npm.taobao.org/, tarball: https://registry.npmmirror.com/@octokit/plugin-paginate-rest/-/plugin-paginate-rest-2.17.0.tgz}
    id: registry.npmmirror.com/@octokit/plugin-paginate-rest/2.17.0
    name: '@octokit/plugin-paginate-rest'
    version: 2.17.0
    peerDependencies:
      '@octokit/core': '>=2'
    dependencies:
      '@octokit/core': registry.npmmirror.com/@octokit/core/3.6.0
      '@octokit/types': registry.npmmirror.com/@octokit/types/6.34.0
    dev: false

  registry.npmmirror.com/@octokit/plugin-rest-endpoint-methods/5.13.0_@octokit+core@3.6.0:
    resolution: {integrity: sha512-uJjMTkN1KaOIgNtUPMtIXDOjx6dGYysdIFhgA52x4xSadQCz3b/zJexvITDVpANnfKPW/+E0xkOvLntqMYpviA==, registry: https://registry.npm.taobao.org/, tarball: https://registry.npmmirror.com/@octokit/plugin-rest-endpoint-methods/-/plugin-rest-endpoint-methods-5.13.0.tgz}
    id: registry.npmmirror.com/@octokit/plugin-rest-endpoint-methods/5.13.0
    name: '@octokit/plugin-rest-endpoint-methods'
    version: 5.13.0
    peerDependencies:
      '@octokit/core': '>=3'
    dependencies:
      '@octokit/core': registry.npmmirror.com/@octokit/core/3.6.0
      '@octokit/types': registry.npmmirror.com/@octokit/types/6.34.0
      deprecation: registry.npmmirror.com/deprecation/2.3.1
    dev: false

  registry.npmmirror.com/@octokit/plugin-retry/3.0.9:
    resolution: {integrity: sha512-r+fArdP5+TG6l1Rv/C9hVoty6tldw6cE2pRHNGmFPdyfrc696R6JjrQ3d7HdVqGwuzfyrcaLAKD7K8TX8aehUQ==, registry: https://registry.npm.taobao.org/, tarball: https://registry.npmmirror.com/@octokit/plugin-retry/-/plugin-retry-3.0.9.tgz}
    name: '@octokit/plugin-retry'
    version: 3.0.9
    dependencies:
      '@octokit/types': registry.npmmirror.com/@octokit/types/6.34.0
      bottleneck: registry.npmmirror.com/bottleneck/2.19.5
    dev: false

  registry.npmmirror.com/@octokit/plugin-throttling/3.6.2_@octokit+core@3.6.0:
    resolution: {integrity: sha512-0az5fxgVlhFfFtiKLKVXTpmCG2tK3BG0fYI8SO4pmGlN1kyJktJVQA+6KKaFxtxMIWsuHmSEAkR6zSgtk86g2A==, registry: https://registry.npm.taobao.org/, tarball: https://registry.npmmirror.com/@octokit/plugin-throttling/-/plugin-throttling-3.6.2.tgz}
    id: registry.npmmirror.com/@octokit/plugin-throttling/3.6.2
    name: '@octokit/plugin-throttling'
    version: 3.6.2
    peerDependencies:
      '@octokit/core': ^3.5.0
    dependencies:
      '@octokit/core': registry.npmmirror.com/@octokit/core/3.6.0
      '@octokit/types': registry.npmmirror.com/@octokit/types/6.34.0
      bottleneck: registry.npmmirror.com/bottleneck/2.19.5
    dev: false

  registry.npmmirror.com/@octokit/request-error/2.1.0:
    resolution: {integrity: sha512-1VIvgXxs9WHSjicsRwq8PlR2LR2x6DwsJAaFgzdi0JfJoGSO8mYI/cHJQ+9FbN21aa+DrgNLnwObmyeSC8Rmpg==, registry: https://registry.npm.taobao.org/, tarball: https://registry.npmmirror.com/@octokit/request-error/-/request-error-2.1.0.tgz}
    name: '@octokit/request-error'
    version: 2.1.0
    dependencies:
      '@octokit/types': registry.npmmirror.com/@octokit/types/6.34.0
      deprecation: registry.npmmirror.com/deprecation/2.3.1
      once: registry.npmmirror.com/once/1.4.0
    dev: false

  registry.npmmirror.com/@octokit/request/5.6.3:
    resolution: {integrity: sha512-bFJl0I1KVc9jYTe9tdGGpAMPy32dLBXXo1dS/YwSCTL/2nd9XeHsY616RE3HPXDVk+a+dBuzyz5YdlXwcDTr2A==, registry: https://registry.npm.taobao.org/, tarball: https://registry.npmmirror.com/@octokit/request/-/request-5.6.3.tgz}
    name: '@octokit/request'
    version: 5.6.3
    dependencies:
      '@octokit/endpoint': registry.npmmirror.com/@octokit/endpoint/6.0.12
      '@octokit/request-error': registry.npmmirror.com/@octokit/request-error/2.1.0
      '@octokit/types': registry.npmmirror.com/@octokit/types/6.34.0
      is-plain-object: registry.npmmirror.com/is-plain-object/5.0.0
      node-fetch: registry.npmmirror.com/node-fetch/2.6.7
      universal-user-agent: registry.npmmirror.com/universal-user-agent/6.0.0
    transitivePeerDependencies:
      - encoding
    dev: false

  registry.npmmirror.com/@octokit/types/6.34.0:
    resolution: {integrity: sha512-s1zLBjWhdEI2zwaoSgyOFoKSl109CUcVBCc7biPJ3aAf6LGLU6szDvi31JPU7bxfla2lqfhjbbg/5DdFNxOwHw==, registry: https://registry.npm.taobao.org/, tarball: https://registry.npmmirror.com/@octokit/types/-/types-6.34.0.tgz}
    name: '@octokit/types'
    version: 6.34.0
    dependencies:
      '@octokit/openapi-types': registry.npmmirror.com/@octokit/openapi-types/11.2.0
    dev: false

  registry.npmmirror.com/@octokit/webhooks-methods/2.0.0:
    resolution: {integrity: sha512-35cfQ4YWlnZnmZKmIxlGPUPLtbkF8lr/A/1Sk1eC0ddLMwQN06dOuLc+dI3YLQS+T+MoNt3DIQ0NynwgKPilig==, registry: https://registry.npm.taobao.org/, tarball: https://registry.npmmirror.com/@octokit/webhooks-methods/-/webhooks-methods-2.0.0.tgz}
    name: '@octokit/webhooks-methods'
    version: 2.0.0
    dev: false

  registry.npmmirror.com/@octokit/webhooks-types/5.5.1:
    resolution: {integrity: sha512-FaBbqZS2e4fCdQvUqeBKpJJOVsRxGcrf0NA91WBXz9GP5/4xgQgdjpbzAcDOSfESBYDYD78HeI5VeihfCW28Ew==, registry: https://registry.npm.taobao.org/, tarball: https://registry.npmmirror.com/@octokit/webhooks-types/-/webhooks-types-5.5.1.tgz}
    name: '@octokit/webhooks-types'
    version: 5.5.1
    dev: false

  registry.npmmirror.com/@octokit/webhooks/9.23.0:
    resolution: {integrity: sha512-4+imw+CajrKpafaE9oLCtXyU3ZAcCLwuoeZ3XmFruQZCEcBBJYE/juSFvU3x1HkFFeKwsUyr+nRikRwiK/VSmA==, registry: https://registry.npm.taobao.org/, tarball: https://registry.npmmirror.com/@octokit/webhooks/-/webhooks-9.23.0.tgz}
    name: '@octokit/webhooks'
    version: 9.23.0
    dependencies:
      '@octokit/request-error': registry.npmmirror.com/@octokit/request-error/2.1.0
      '@octokit/webhooks-methods': registry.npmmirror.com/@octokit/webhooks-methods/2.0.0
      '@octokit/webhooks-types': registry.npmmirror.com/@octokit/webhooks-types/5.5.1
      aggregate-error: registry.npmmirror.com/aggregate-error/3.1.0
    dev: false

  registry.npmmirror.com/@tsconfig/node10/1.0.8:
    resolution: {integrity: sha512-6XFfSQmMgq0CFLY1MslA/CPUfhIL919M1rMsa5lP2P097N2Wd1sSX0tx1u4olM16fLNhtHZpRhedZJphNJqmZg==, registry: https://registry.npm.taobao.org/, tarball: https://registry.npmmirror.com/@tsconfig/node10/-/node10-1.0.8.tgz}
    name: '@tsconfig/node10'
    version: 1.0.8
    dev: false

  registry.npmmirror.com/@tsconfig/node12/1.0.9:
    resolution: {integrity: sha512-/yBMcem+fbvhSREH+s14YJi18sp7J9jpuhYByADT2rypfajMZZN4WQ6zBGgBKp53NKmqI36wFYDb3yaMPurITw==, registry: https://registry.npm.taobao.org/, tarball: https://registry.npmmirror.com/@tsconfig/node12/-/node12-1.0.9.tgz}
    name: '@tsconfig/node12'
    version: 1.0.9
    dev: false

  registry.npmmirror.com/@tsconfig/node14/1.0.1:
    resolution: {integrity: sha512-509r2+yARFfHHE7T6Puu2jjkoycftovhXRqW328PDXTVGKihlb1P8Z9mMZH04ebyajfRY7dedfGynlrFHJUQCg==, registry: https://registry.npm.taobao.org/, tarball: https://registry.npmmirror.com/@tsconfig/node14/-/node14-1.0.1.tgz}
    name: '@tsconfig/node14'
    version: 1.0.1
    dev: false

  registry.npmmirror.com/@tsconfig/node16/1.0.2:
    resolution: {integrity: sha512-eZxlbI8GZscaGS7kkc/trHTT5xgrjH3/1n2JDwusC9iahPKWMRvRjJSAN5mCXviuTGQ/lHnhvv8Q1YTpnfz9gA==, registry: https://registry.npm.taobao.org/, tarball: https://registry.npmmirror.com/@tsconfig/node16/-/node16-1.0.2.tgz}
    name: '@tsconfig/node16'
    version: 1.0.2
    dev: false

  registry.npmmirror.com/@types/aws-lambda/8.10.93:
    resolution: {integrity: sha512-Vsyi9ogDAY3REZDjYnXMRJJa62SDvxHXxJI5nGDQdZW058dDE+av/anynN2rLKbCKXDRNw3D/sQmqxVflZFi4A==, registry: https://registry.npm.taobao.org/, tarball: https://registry.npmmirror.com/@types/aws-lambda/-/aws-lambda-8.10.93.tgz}
    name: '@types/aws-lambda'
    version: 8.10.93
    dev: false

  registry.npmmirror.com/@types/btoa-lite/1.0.0:
    resolution: {integrity: sha512-wJsiX1tosQ+J5+bY5LrSahHxr2wT+uME5UDwdN1kg4frt40euqA+wzECkmq4t5QbveHiJepfdThgQrPw6KiSlg==, registry: https://registry.npm.taobao.org/, tarball: https://registry.npmmirror.com/@types/btoa-lite/-/btoa-lite-1.0.0.tgz}
    name: '@types/btoa-lite'
    version: 1.0.0
    dev: false

  registry.npmmirror.com/@types/jsonwebtoken/8.5.8:
    resolution: {integrity: sha512-zm6xBQpFDIDM6o9r6HSgDeIcLy82TKWctCXEPbJJcXb5AKmi5BNNdLXneixK4lplX3PqIVcwLBCGE/kAGnlD4A==, registry: https://registry.npm.taobao.org/, tarball: https://registry.npmmirror.com/@types/jsonwebtoken/-/jsonwebtoken-8.5.8.tgz}
    name: '@types/jsonwebtoken'
    version: 8.5.8
    dependencies:
      '@types/node': registry.npmmirror.com/@types/node/17.0.21
    dev: false

  registry.npmmirror.com/@types/lru-cache/5.1.1:
    resolution: {integrity: sha512-ssE3Vlrys7sdIzs5LOxCzTVMsU7i9oa/IaW92wF32JFb3CVczqOkru2xspuKczHEbG3nvmPY7IFqVmGGHdNbYw==, registry: https://registry.npm.taobao.org/, tarball: https://registry.npmmirror.com/@types/lru-cache/-/lru-cache-5.1.1.tgz}
    name: '@types/lru-cache'
    version: 5.1.1
    dev: false

  registry.npmmirror.com/@types/node/17.0.21:
    resolution: {integrity: sha512-DBZCJbhII3r90XbQxI8Y9IjjiiOGlZ0Hr32omXIZvwwZ7p4DMMXGrKXVyPfuoBOri9XNtL0UK69jYIBIsRX3QQ==, registry: https://registry.npm.taobao.org/, tarball: https://registry.npmmirror.com/@types/node/-/node-17.0.21.tgz}
    name: '@types/node'
    version: 17.0.21
    dev: false

  registry.npmmirror.com/@vercel/ncc/0.33.3:
    resolution: {integrity: sha512-JGZ11QV+/ZcfudW2Cz2JVp54/pJNXbsuWRgSh2ZmmZdQBKXqBtIGrwI1Wyx8nlbzAiEFe7FHi4K1zX4//jxTnQ==, registry: https://registry.npm.taobao.org/, tarball: https://registry.npmmirror.com/@vercel/ncc/-/ncc-0.33.3.tgz}
    name: '@vercel/ncc'
    version: 0.33.3
    hasBin: true
    dev: false

  registry.npmmirror.com/acorn-walk/8.2.0:
    resolution: {integrity: sha512-k+iyHEuPgSw6SbuDpGQM+06HQUa04DZ3o+F6CSzXMvvI5KMvnaEqXe+YVe555R9nn6GPt404fos4wcgpw12SDA==, registry: https://registry.npm.taobao.org/, tarball: https://registry.npmmirror.com/acorn-walk/-/acorn-walk-8.2.0.tgz}
    name: acorn-walk
    version: 8.2.0
    engines: {node: '>=0.4.0'}
    dev: false

  registry.npmmirror.com/acorn/8.7.0:
    resolution: {integrity: sha512-V/LGr1APy+PXIwKebEWrkZPwoeoF+w1jiOBUmuxuiUIaOHtob8Qc9BTrYo7VuI5fR8tqsy+buA2WFooR5olqvQ==, registry: https://registry.npm.taobao.org/, tarball: https://registry.npmmirror.com/acorn/-/acorn-8.7.0.tgz}
    name: acorn
    version: 8.7.0
    engines: {node: '>=0.4.0'}
    hasBin: true
    dev: false

  registry.npmmirror.com/aggregate-error/3.1.0:
    resolution: {integrity: sha512-4I7Td01quW/RpocfNayFdFVk1qSuoh0E7JrbRJ16nH01HhKFQ88INq9Sd+nd72zqRySlr9BmDA8xlEJ6vJMrYA==, registry: https://registry.npm.taobao.org/, tarball: https://registry.npmmirror.com/aggregate-error/-/aggregate-error-3.1.0.tgz}
    name: aggregate-error
    version: 3.1.0
    engines: {node: '>=8'}
    dependencies:
      clean-stack: registry.npmmirror.com/clean-stack/2.2.0
      indent-string: registry.npmmirror.com/indent-string/4.0.0
    dev: false

  registry.npmmirror.com/arg/4.1.3:
    resolution: {integrity: sha512-58S9QDqG0Xx27YwPSt9fJxivjYl432YCwfDMfZ+71RAqUrZef7LrKQZ3LHLOwCS4FLNBplP533Zx895SeOCHvA==, registry: https://registry.npm.taobao.org/, tarball: https://registry.npmmirror.com/arg/-/arg-4.1.3.tgz}
    name: arg
    version: 4.1.3
    dev: false

  registry.npmmirror.com/before-after-hook/2.2.2:
    resolution: {integrity: sha512-3pZEU3NT5BFUo/AD5ERPWOgQOCZITni6iavr5AUw5AUwQjMlI0kzu5btnyD39AF0gUEsDPwJT+oY1ORBJijPjQ==, registry: https://registry.npm.taobao.org/, tarball: https://registry.npmmirror.com/before-after-hook/-/before-after-hook-2.2.2.tgz}
    name: before-after-hook
    version: 2.2.2
    dev: false

  registry.npmmirror.com/bottleneck/2.19.5:
    resolution: {integrity: sha512-VHiNCbI1lKdl44tGrhNfU3lup0Tj/ZBMJB5/2ZbNXRCPuRCO7ed2mgcK4r17y+KB2EfuYuRaVlwNbAeaWGSpbw==, registry: https://registry.npm.taobao.org/, tarball: https://registry.npmmirror.com/bottleneck/-/bottleneck-2.19.5.tgz}
    name: bottleneck
    version: 2.19.5
    dev: false

  registry.npmmirror.com/btoa-lite/1.0.0:
    resolution: {integrity: sha512-gvW7InbIyF8AicrqWoptdW08pUxuhq8BEgowNajy9RhiE86fmGAGl+bLKo6oB8QP0CkqHLowfN0oJdKC/J6LbA==, registry: https://registry.npm.taobao.org/, tarball: https://registry.npmmirror.com/btoa-lite/-/btoa-lite-1.0.0.tgz}
    name: btoa-lite
    version: 1.0.0
    dev: false

  registry.npmmirror.com/buffer-equal-constant-time/1.0.1:
    resolution: {integrity: sha512-zRpUiDwd/xk6ADqPMATG8vc9VPrkck7T07OIx0gnjmJAnHnTVXNQG3vfvWNuiZIkwu9KrKdA1iJKfsfTVxE6NA==, registry: https://registry.npm.taobao.org/, tarball: https://registry.npmmirror.com/buffer-equal-constant-time/-/buffer-equal-constant-time-1.0.1.tgz}
    name: buffer-equal-constant-time
    version: 1.0.1
    dev: false

  registry.npmmirror.com/clean-stack/2.2.0:
    resolution: {integrity: sha512-4diC9HaTE+KRAMWhDhrGOECgWZxoevMc5TlkObMqNSsVU62PYzXZ/SMTjzyGAFF1YusgxGcSWTEXBhp0CPwQ1A==, registry: https://registry.npm.taobao.org/, tarball: https://registry.npmmirror.com/clean-stack/-/clean-stack-2.2.0.tgz}
    name: clean-stack
    version: 2.2.0
    engines: {node: '>=6'}
    dev: false

  registry.npmmirror.com/create-require/1.1.1:
    resolution: {integrity: sha512-dcKFX3jn0MpIaXjisoRvexIJVEKzaq7z2rZKxf+MSr9TkdmHmsU4m2lcLojrj/FHl8mk5VxMmYA+ftRkP/3oKQ==, registry: https://registry.npm.taobao.org/, tarball: https://registry.npmmirror.com/create-require/-/create-require-1.1.1.tgz}
    name: create-require
    version: 1.1.1
    dev: false

  registry.npmmirror.com/dayjs/1.11.0:
    resolution: {integrity: sha512-JLC809s6Y948/FuCZPm5IX8rRhQwOiyMb2TfVVQEixG7P8Lm/gt5S7yoQZmC8x1UehI9Pb7sksEt4xx14m+7Ug==, registry: https://registry.npm.taobao.org/, tarball: https://registry.npmmirror.com/dayjs/-/dayjs-1.11.0.tgz}
    name: dayjs
    version: 1.11.0
    dev: false

  registry.npmmirror.com/deprecation/2.3.1:
    resolution: {integrity: sha512-xmHIy4F3scKVwMsQ4WnVaS8bHOx0DmVwRywosKhaILI0ywMDWPtBSku2HNxRvF7jtwDRsoEwYQSfbxj8b7RlJQ==, registry: https://registry.npm.taobao.org/, tarball: https://registry.npmmirror.com/deprecation/-/deprecation-2.3.1.tgz}
    name: deprecation
    version: 2.3.1
    dev: false

  registry.npmmirror.com/diff/4.0.2:
    resolution: {integrity: sha512-58lmxKSA4BNyLz+HHMUzlOEpg09FV+ev6ZMe3vJihgdxzgcwZ8VoEEPmALCZG9LmqfVoNMMKpttIYTVG6uDY7A==, registry: https://registry.npm.taobao.org/, tarball: https://registry.npmmirror.com/diff/-/diff-4.0.2.tgz}
    name: diff
    version: 4.0.2
    engines: {node: '>=0.3.1'}
    dev: false

  registry.npmmirror.com/ecdsa-sig-formatter/1.0.11:
    resolution: {integrity: sha512-nagl3RYrbNv6kQkeJIpt6NJZy8twLB/2vtz6yN9Z4vRKHN4/QZJIEbqohALSgwKdnksuY3k5Addp5lg8sVoVcQ==, registry: https://registry.npm.taobao.org/, tarball: https://registry.npmmirror.com/ecdsa-sig-formatter/-/ecdsa-sig-formatter-1.0.11.tgz}
    name: ecdsa-sig-formatter
    version: 1.0.11
    dependencies:
      safe-buffer: registry.npmmirror.com/safe-buffer/5.2.1
    dev: false

  registry.npmmirror.com/fromentries/1.3.2:
    resolution: {integrity: sha512-cHEpEQHUg0f8XdtZCc2ZAhrHzKzT0MrFUTcvx+hfxYu7rGMDc5SKoXFh+n4YigxsHXRzc6OrCshdR1bWH6HHyg==, registry: https://registry.npm.taobao.org/, tarball: https://registry.npmmirror.com/fromentries/-/fromentries-1.3.2.tgz}
    name: fromentries
    version: 1.3.2
    dev: false

  registry.npmmirror.com/fs/0.0.1-security:
    resolution: {integrity: sha512-3XY9e1pP0CVEUCdj5BmfIZxRBTSDycnbqhIOGec9QYtmVH2fbLpj86CFWkrNOkt/Fvty4KZG5lTglL9j/gJ87w==, registry: https://registry.npm.taobao.org/, tarball: https://registry.npmmirror.com/fs/-/fs-0.0.1-security.tgz}
    name: fs
    version: 0.0.1-security
    dev: false

  registry.npmmirror.com/indent-string/4.0.0:
    resolution: {integrity: sha512-EdDDZu4A2OyIK7Lr/2zG+w5jmbuk1DVBnEwREQvBzspBJkCEbRa8GxU1lghYcaGJCnRWibjDXlq779X1/y5xwg==, registry: https://registry.npm.taobao.org/, tarball: https://registry.npmmirror.com/indent-string/-/indent-string-4.0.0.tgz}
    name: indent-string
    version: 4.0.0
    engines: {node: '>=8'}
    dev: false

  registry.npmmirror.com/is-plain-object/5.0.0:
    resolution: {integrity: sha512-VRSzKkbMm5jMDoKLbltAkFQ5Qr7VDiTFGXxYFXXowVj387GeGNOCsOH6Msy00SGZ3Fp84b1Naa1psqgcCIEP5Q==, registry: https://registry.npm.taobao.org/, tarball: https://registry.npmmirror.com/is-plain-object/-/is-plain-object-5.0.0.tgz}
    name: is-plain-object
    version: 5.0.0
    engines: {node: '>=0.10.0'}
    dev: false

  registry.npmmirror.com/jsonwebtoken/8.5.1:
    resolution: {integrity: sha512-XjwVfRS6jTMsqYs0EsuJ4LGxXV14zQybNd4L2r0UvbVnSF9Af8x7p5MzbJ90Ioz/9TI41/hTCvznF/loiSzn8w==, registry: https://registry.npm.taobao.org/, tarball: https://registry.npmmirror.com/jsonwebtoken/-/jsonwebtoken-8.5.1.tgz}
    name: jsonwebtoken
    version: 8.5.1
    engines: {node: '>=4', npm: '>=1.4.28'}
    dependencies:
      jws: registry.npmmirror.com/jws/3.2.2
      lodash.includes: registry.npmmirror.com/lodash.includes/4.3.0
      lodash.isboolean: registry.npmmirror.com/lodash.isboolean/3.0.3
      lodash.isinteger: registry.npmmirror.com/lodash.isinteger/4.0.4
      lodash.isnumber: registry.npmmirror.com/lodash.isnumber/3.0.3
      lodash.isplainobject: registry.npmmirror.com/lodash.isplainobject/4.0.6
      lodash.isstring: registry.npmmirror.com/lodash.isstring/4.0.1
      lodash.once: registry.npmmirror.com/lodash.once/4.1.1
      ms: registry.npmmirror.com/ms/2.1.3
      semver: registry.npmmirror.com/semver/5.7.1
    dev: false

  registry.npmmirror.com/jwa/1.4.1:
    resolution: {integrity: sha512-qiLX/xhEEFKUAJ6FiBMbes3w9ATzyk5W7Hvzpa/SLYdxNtng+gcurvrI7TbACjIXlsJyr05/S1oUhZrc63evQA==, registry: https://registry.npm.taobao.org/, tarball: https://registry.npmmirror.com/jwa/-/jwa-1.4.1.tgz}
    name: jwa
    version: 1.4.1
    dependencies:
      buffer-equal-constant-time: registry.npmmirror.com/buffer-equal-constant-time/1.0.1
      ecdsa-sig-formatter: registry.npmmirror.com/ecdsa-sig-formatter/1.0.11
      safe-buffer: registry.npmmirror.com/safe-buffer/5.2.1
    dev: false

  registry.npmmirror.com/jws/3.2.2:
    resolution: {integrity: sha512-YHlZCB6lMTllWDtSPHz/ZXTsi8S00usEV6v1tjq8tOUZzw7DpSDWVXjXDre6ed1w/pd495ODpHZYSdkRTsa0HA==, registry: https://registry.npm.taobao.org/, tarball: https://registry.npmmirror.com/jws/-/jws-3.2.2.tgz}
    name: jws
    version: 3.2.2
    dependencies:
      jwa: registry.npmmirror.com/jwa/1.4.1
      safe-buffer: registry.npmmirror.com/safe-buffer/5.2.1
    dev: false

  registry.npmmirror.com/lodash.includes/4.3.0:
    resolution: {integrity: sha512-W3Bx6mdkRTGtlJISOvVD/lbqjTlPPUDTMnlXZFnVwi9NKJ6tiAk6LVdlhZMm17VZisqhKcgzpO5Wz91PCt5b0w==, registry: https://registry.npm.taobao.org/, tarball: https://registry.npmmirror.com/lodash.includes/-/lodash.includes-4.3.0.tgz}
    name: lodash.includes
    version: 4.3.0
    dev: false

  registry.npmmirror.com/lodash.isboolean/3.0.3:
    resolution: {integrity: sha512-Bz5mupy2SVbPHURB98VAcw+aHh4vRV5IPNhILUCsOzRmsTmSQ17jIuqopAentWoehktxGd9e/hbIXq980/1QJg==, registry: https://registry.npm.taobao.org/, tarball: https://registry.npmmirror.com/lodash.isboolean/-/lodash.isboolean-3.0.3.tgz}
    name: lodash.isboolean
    version: 3.0.3
    dev: false

  registry.npmmirror.com/lodash.isinteger/4.0.4:
    resolution: {integrity: sha512-DBwtEWN2caHQ9/imiNeEA5ys1JoRtRfY3d7V9wkqtbycnAmTvRRmbHKDV4a0EYc678/dia0jrte4tjYwVBaZUA==, registry: https://registry.npm.taobao.org/, tarball: https://registry.npmmirror.com/lodash.isinteger/-/lodash.isinteger-4.0.4.tgz}
    name: lodash.isinteger
    version: 4.0.4
    dev: false

  registry.npmmirror.com/lodash.isnumber/3.0.3:
    resolution: {integrity: sha512-QYqzpfwO3/CWf3XP+Z+tkQsfaLL/EnUlXWVkIk5FUPc4sBdTehEqZONuyRt2P67PXAk+NXmTBcc97zw9t1FQrw==, registry: https://registry.npm.taobao.org/, tarball: https://registry.npmmirror.com/lodash.isnumber/-/lodash.isnumber-3.0.3.tgz}
    name: lodash.isnumber
    version: 3.0.3
    dev: false

  registry.npmmirror.com/lodash.isplainobject/4.0.6:
    resolution: {integrity: sha512-oSXzaWypCMHkPC3NvBEaPHf0KsA5mvPrOPgQWDsbg8n7orZ290M0BmC/jgRZ4vcJ6DTAhjrsSYgdsW/F+MFOBA==, registry: https://registry.npm.taobao.org/, tarball: https://registry.npmmirror.com/lodash.isplainobject/-/lodash.isplainobject-4.0.6.tgz}
    name: lodash.isplainobject
    version: 4.0.6
    dev: false

  registry.npmmirror.com/lodash.isstring/4.0.1:
    resolution: {integrity: sha512-0wJxfxH1wgO3GrbuP+dTTk7op+6L41QCXbGINEmD+ny/G/eCqGzxyCsh7159S+mgDDcoarnBw6PC1PS5+wUGgw==, registry: https://registry.npm.taobao.org/, tarball: https://registry.npmmirror.com/lodash.isstring/-/lodash.isstring-4.0.1.tgz}
    name: lodash.isstring
    version: 4.0.1
    dev: false

  registry.npmmirror.com/lodash.once/4.1.1:
    resolution: {integrity: sha512-Sb487aTOCr9drQVL8pIxOzVhafOjZN9UU54hiN8PU3uAiSV7lx1yYNpbNmex2PK6dSJoNTSJUUswT651yww3Mg==, registry: https://registry.npm.taobao.org/, tarball: https://registry.npmmirror.com/lodash.once/-/lodash.once-4.1.1.tgz}
    name: lodash.once
    version: 4.1.1
    dev: false

  registry.npmmirror.com/lru-cache/6.0.0:
    resolution: {integrity: sha512-Jo6dJ04CmSjuznwJSS3pUeWmd/H0ffTlkXXgwZi+eq1UCmqQwCh+eLsYOYCwY991i2Fah4h1BEMCx4qThGbsiA==, registry: https://registry.npm.taobao.org/, tarball: https://registry.npmmirror.com/lru-cache/-/lru-cache-6.0.0.tgz}
    name: lru-cache
    version: 6.0.0
    engines: {node: '>=10'}
    dependencies:
      yallist: registry.npmmirror.com/yallist/4.0.0
    dev: false

  registry.npmmirror.com/make-error/1.3.6:
    resolution: {integrity: sha512-s8UhlNe7vPKomQhC1qFelMokr/Sc3AgNbso3n74mVPA5LTZwkB9NlXf4XPamLxJE8h0gh73rM94xvwRT2CVInw==, registry: https://registry.npm.taobao.org/, tarball: https://registry.npmmirror.com/make-error/-/make-error-1.3.6.tgz}
    name: make-error
    version: 1.3.6
    dev: false

  registry.npmmirror.com/ms/2.1.3:
    resolution: {integrity: sha512-6FlzubTLZG3J2a/NVCAleEhjzq5oxgHyaCU9yYXvcLsvoVaHJq/s5xXI6/XXP6tz7R9xAOtHnSO/tXtF3WRTlA==, registry: https://registry.npm.taobao.org/, tarball: https://registry.npmmirror.com/ms/-/ms-2.1.3.tgz}
    name: ms
    version: 2.1.3
    dev: false

  registry.npmmirror.com/node-fetch/2.6.7:
    resolution: {integrity: sha512-ZjMPFEfVx5j+y2yF35Kzx5sF7kDzxuDj6ziH4FFbOp87zKDZNx8yExJIb05OGF4Nlt9IHFIMBkRl41VdvcNdbQ==, registry: https://registry.npm.taobao.org/, tarball: https://registry.npmmirror.com/node-fetch/-/node-fetch-2.6.7.tgz}
    name: node-fetch
    version: 2.6.7
    engines: {node: 4.x || >=6.0.0}
    peerDependencies:
      encoding: ^0.1.0
    peerDependenciesMeta:
      encoding:
        optional: true
    dependencies:
      whatwg-url: registry.npmmirror.com/whatwg-url/5.0.0
    dev: false

  registry.npmmirror.com/octokit/1.7.1:
    resolution: {integrity: sha512-1b7eRgU8uWetHOWr8f9ptnVo2EKbrkOfocMeQdpgCt7tl/LK67HptFsy2Xg4fMjsJ/+onoBJW0hy/fO0In3/uA==, registry: https://registry.npm.taobao.org/, tarball: https://registry.npmmirror.com/octokit/-/octokit-1.7.1.tgz}
    name: octokit
    version: 1.7.1
    dependencies:
      '@octokit/app': registry.npmmirror.com/@octokit/app/12.0.5
      '@octokit/core': registry.npmmirror.com/@octokit/core/3.6.0
      '@octokit/oauth-app': registry.npmmirror.com/@octokit/oauth-app/3.6.0
      '@octokit/plugin-paginate-rest': registry.npmmirror.com/@octokit/plugin-paginate-rest/2.17.0_@octokit+core@3.6.0
      '@octokit/plugin-rest-endpoint-methods': registry.npmmirror.com/@octokit/plugin-rest-endpoint-methods/5.13.0_@octokit+core@3.6.0
      '@octokit/plugin-retry': registry.npmmirror.com/@octokit/plugin-retry/3.0.9
      '@octokit/plugin-throttling': registry.npmmirror.com/@octokit/plugin-throttling/3.6.2_@octokit+core@3.6.0
      '@octokit/types': registry.npmmirror.com/@octokit/types/6.34.0
    transitivePeerDependencies:
      - encoding
    dev: false

  registry.npmmirror.com/once/1.4.0:
    resolution: {integrity: sha512-lNaJgI+2Q5URQBkccEKHTQOPaXdUxnZZElQTZY0MFUAuaEqe1E+Nyvgdz/aIyNi6Z9MzO5dv1H8n58/GELp3+w==, registry: https://registry.npm.taobao.org/, tarball: https://registry.npmmirror.com/once/-/once-1.4.0.tgz}
    name: once
    version: 1.4.0
    dependencies:
      wrappy: registry.npmmirror.com/wrappy/1.0.2
    dev: false

  registry.npmmirror.com/safe-buffer/5.2.1:
    resolution: {integrity: sha512-rp3So07KcdmmKbGvgaNxQSJr7bGVSVk5S9Eq1F+ppbRo70+YeaDxkw5Dd8NPN+GD6bjnYm2VuPuCXmpuYvmCXQ==, registry: https://registry.npm.taobao.org/, tarball: https://registry.npmmirror.com/safe-buffer/-/safe-buffer-5.2.1.tgz}
    name: safe-buffer
    version: 5.2.1
    dev: false

  registry.npmmirror.com/semver/5.7.1:
    resolution: {integrity: sha512-sauaDf/PZdVgrLTNYHRtpXa1iRiKcaebiKQ1BJdpQlWH2lCvexQdX55snPFyK7QzpudqbCI0qXFfOasHdyNDGQ==, registry: https://registry.npm.taobao.org/, tarball: https://registry.npmmirror.com/semver/-/semver-5.7.1.tgz}
    name: semver
    version: 5.7.1
    hasBin: true
    dev: false

  registry.npmmirror.com/tr46/0.0.3:
    resolution: {integrity: sha512-N3WMsuqV66lT30CrXNbEjx4GEwlow3v6rr4mCcv6prnfwhS01rkgyFdjPNBYd9br7LpXV1+Emh01fHnq2Gdgrw==, registry: https://registry.npm.taobao.org/, tarball: https://registry.npmmirror.com/tr46/-/tr46-0.0.3.tgz}
    name: tr46
    version: 0.0.3
    dev: false

  registry.npmmirror.com/ts-node/10.7.0_typescript@4.6.2:
    resolution: {integrity: sha512-TbIGS4xgJoX2i3do417KSaep1uRAW/Lu+WAL2doDHC0D6ummjirVOXU5/7aiZotbQ5p1Zp9tP7U6cYhA0O7M8A==, registry: https://registry.npm.taobao.org/, tarball: https://registry.npmmirror.com/ts-node/-/ts-node-10.7.0.tgz}
    id: registry.npmmirror.com/ts-node/10.7.0
    name: ts-node
    version: 10.7.0
    hasBin: true
    peerDependencies:
      '@swc/core': '>=1.2.50'
      '@swc/wasm': '>=1.2.50'
      '@types/node': '*'
      typescript: '>=2.7'
    peerDependenciesMeta:
      '@swc/core':
        optional: true
      '@swc/wasm':
        optional: true
    dependencies:
      '@cspotcode/source-map-support': registry.npmmirror.com/@cspotcode/source-map-support/0.7.0
      '@tsconfig/node10': registry.npmmirror.com/@tsconfig/node10/1.0.8
      '@tsconfig/node12': registry.npmmirror.com/@tsconfig/node12/1.0.9
      '@tsconfig/node14': registry.npmmirror.com/@tsconfig/node14/1.0.1
      '@tsconfig/node16': registry.npmmirror.com/@tsconfig/node16/1.0.2
      acorn: registry.npmmirror.com/acorn/8.7.0
      acorn-walk: registry.npmmirror.com/acorn-walk/8.2.0
      arg: registry.npmmirror.com/arg/4.1.3
      create-require: registry.npmmirror.com/create-require/1.1.1
      diff: registry.npmmirror.com/diff/4.0.2
      make-error: registry.npmmirror.com/make-error/1.3.6
      typescript: registry.npmmirror.com/typescript/4.6.2
      v8-compile-cache-lib: registry.npmmirror.com/v8-compile-cache-lib/3.0.0
      yn: registry.npmmirror.com/yn/3.1.1
    dev: false

  registry.npmmirror.com/tunnel/0.0.6:
    resolution: {integrity: sha512-1h/Lnq9yajKY2PEbBadPXj3VxsDDu844OnaAo52UVmIzIvwwtBPIuNvkjuzBlTWpfJyUbG3ez0KSBibQkj4ojg==, registry: https://registry.npm.taobao.org/, tarball: https://registry.npmmirror.com/tunnel/-/tunnel-0.0.6.tgz}
    name: tunnel
    version: 0.0.6
    engines: {node: '>=0.6.11 <=0.7.0 || >=0.7.3'}
    dev: false

  registry.npmmirror.com/typescript/4.6.2:
    resolution: {integrity: sha512-HM/hFigTBHZhLXshn9sN37H085+hQGeJHJ/X7LpBWLID/fbc2acUMfU+lGD98X81sKP+pFa9f0DZmCwB9GnbAg==, registry: https://registry.npm.taobao.org/, tarball: https://registry.npmmirror.com/typescript/-/typescript-4.6.2.tgz}
    name: typescript
    version: 4.6.2
    engines: {node: '>=4.2.0'}
    hasBin: true
    dev: false

  registry.npmmirror.com/universal-github-app-jwt/1.1.0:
    resolution: {integrity: sha512-3b+ocAjjz4JTyqaOT+NNBd5BtTuvJTxWElIoeHSVelUV9J3Jp7avmQTdLKCaoqi/5Ox2o/q+VK19TJ233rVXVQ==, registry: https://registry.npm.taobao.org/, tarball: https://registry.npmmirror.com/universal-github-app-jwt/-/universal-github-app-jwt-1.1.0.tgz}
    name: universal-github-app-jwt
    version: 1.1.0
    dependencies:
      '@types/jsonwebtoken': registry.npmmirror.com/@types/jsonwebtoken/8.5.8
      jsonwebtoken: registry.npmmirror.com/jsonwebtoken/8.5.1
    dev: false

  registry.npmmirror.com/universal-user-agent/6.0.0:
    resolution: {integrity: sha512-isyNax3wXoKaulPDZWHQqbmIx1k2tb9fb3GGDBRxCscfYV2Ch7WxPArBsFEG8s/safwXTT7H4QGhaIkTp9447w==, registry: https://registry.npm.taobao.org/, tarball: https://registry.npmmirror.com/universal-user-agent/-/universal-user-agent-6.0.0.tgz}
    name: universal-user-agent
    version: 6.0.0
    dev: false

  registry.npmmirror.com/v8-compile-cache-lib/3.0.0:
    resolution: {integrity: sha512-mpSYqfsFvASnSn5qMiwrr4VKfumbPyONLCOPmsR3A6pTY/r0+tSaVbgPWSAIuzbk3lCTa+FForeTiO+wBQGkjA==, registry: https://registry.npm.taobao.org/, tarball: https://registry.npmmirror.com/v8-compile-cache-lib/-/v8-compile-cache-lib-3.0.0.tgz}
    name: v8-compile-cache-lib
    version: 3.0.0
    dev: false

  registry.npmmirror.com/webidl-conversions/3.0.1:
    resolution: {integrity: sha512-2JAn3z8AR6rjK8Sm8orRC0h/bcl/DqL7tRPdGZ4I1CjdF+EaMLmYxBHyXuKL849eucPFhvBoxMsflfOb8kxaeQ==, registry: https://registry.npm.taobao.org/, tarball: https://registry.npmmirror.com/webidl-conversions/-/webidl-conversions-3.0.1.tgz}
    name: webidl-conversions
    version: 3.0.1
    dev: false

  registry.npmmirror.com/whatwg-url/5.0.0:
    resolution: {integrity: sha512-saE57nupxk6v3HY35+jzBwYa0rKSy0XR8JSxZPwgLr7ys0IBzhGviA1/TUGJLmSVqs8pb9AnvICXEuOHLprYTw==, registry: https://registry.npm.taobao.org/, tarball: https://registry.npmmirror.com/whatwg-url/-/whatwg-url-5.0.0.tgz}
    name: whatwg-url
    version: 5.0.0
    dependencies:
      tr46: registry.npmmirror.com/tr46/0.0.3
      webidl-conversions: registry.npmmirror.com/webidl-conversions/3.0.1
    dev: false

  registry.npmmirror.com/wrappy/1.0.2:
    resolution: {integrity: sha512-l4Sp/DRseor9wL6EvV2+TuQn63dMkPjZ/sp9XkghTEbV9KlPS1xUsZ3u7/IQO4wxtcFB4bgpQPRcR3QCvezPcQ==, registry: https://registry.npm.taobao.org/, tarball: https://registry.npmmirror.com/wrappy/-/wrappy-1.0.2.tgz}
    name: wrappy
    version: 1.0.2
    dev: false

  registry.npmmirror.com/yallist/4.0.0:
    resolution: {integrity: sha512-3wdGidZyq5PB084XLES5TpOSRA3wjXAlIWMhum2kRcv/41Sn2emQ0dycQW4uZXLejwKvg6EsvbdlVL+FYEct7A==, registry: https://registry.npm.taobao.org/, tarball: https://registry.npmmirror.com/yallist/-/yallist-4.0.0.tgz}
    name: yallist
    version: 4.0.0
    dev: false

  registry.npmmirror.com/yn/3.1.1:
    resolution: {integrity: sha512-Ux4ygGWsu2c7isFWe8Yu1YluJmqVhxqK2cLXNQA5AcC3QfbGNpM7fu0Y8b/z16pXLnFxZYvWhd3fhBY9DLmC6Q==, registry: https://registry.npm.taobao.org/, tarball: https://registry.npmmirror.com/yn/-/yn-3.1.1.tgz}
    name: yn
    version: 3.1.1
    engines: {node: '>=6'}
    dev: false
